
Microsoft Visual Studio Solution File, Format Version 12.00
# Visual Studio Version 17
VisualStudioVersion = 17.11.35222.181
MinimumVisualStudioVersion = 10.0.40219.1
Project("{2150E333-8FDC-42A3-9474-1A3956D46DE8}") = "HirBot.Infrastructure", "HirBot.Infrastructure", "{672ADC91-A4BE-49F0-9030-430D150787EB}"
EndProject
Project("{2150E333-8FDC-42A3-9474-1A3956D46DE8}") = "HirBot.Domain", "HirBot.Domain", "{9CFD1BD4-50ED-47FC-A99A-E697019AD2CF}"
EndProject
Project("{9A19103F-16F7-4668-BE54-9A1E7A4F7556}") = "HirBot", "HIrBot\HirBot.csproj", "{32E9136C-1DA2-4724-8B89-634031DEA148}"
	ProjectSection(ProjectDependencies) = postProject
		{1D10243D-3C6A-45E6-BF98-274D5837AF18} = {1D10243D-3C6A-45E6-BF98-274D5837AF18}
	EndProjectSection
EndProject
Project("{2150E333-8FDC-42A3-9474-1A3956D46DE8}") = "HirBot.Setting", "HirBot.Setting", "{0B9ECA70-4DE2-4BBD-8D4A-B279A689AC65}"
EndProject
Project("{2150E333-8FDC-42A3-9474-1A3956D46DE8}") = "HirBot.Servieces", "HirBot.Servieces", "{45F58424-F858-429F-8B62-28F5A5E5DE6D}"
EndProject
Project("{9A19103F-16F7-4668-BE54-9A1E7A4F7556}") = "HirBot.Data", "HirBot.Data\HirBot.Data.csproj", "{C470193F-EADD-47AE-812B-D2B3626A4E0A}"
EndProject
Project("{2150E333-8FDC-42A3-9474-1A3956D46DE8}") = "HirBot.Test", "HirBot.Test", "{9B0599F3-F2B9-49A7-BD88-CF01FCC5B523}"
EndProject
Project("{9A19103F-16F7-4668-BE54-9A1E7A4F7556}") = "Test.Api", "Test.Api\Test.Api.csproj", "{CAC67C48-E62F-482C-9CFB-0F9CFE7E47E4}"
EndProject
Project("{9A19103F-16F7-4668-BE54-9A1E7A4F7556}") = "HireBot.Repository", "HirBot.Infrastructure\Project.Repository\HireBot.Repository.csproj", "{F6C326FF-79E7-44A3-B3C2-1078520578A0}"
EndProject
Project("{9A19103F-16F7-4668-BE54-9A1E7A4F7556}") = "HirBot.Comman", "Project.Comman\HirBot.Comman.csproj", "{C36F5DD6-A15F-4FD7-AE5F-E595F5761BEC}"
EndProject
Project("{9A19103F-16F7-4668-BE54-9A1E7A4F7556}") = "HirBot.ResponseHandler", "Project.ResponseHandler\HirBot.ResponseHandler.csproj", "{32160BD9-3884-4E2F-A099-AF18739DD084}"
EndProject
Project("{9A19103F-16F7-4668-BE54-9A1E7A4F7556}") = "HirBot.EntityFramework", "HirBot.Infrastructure\Project.EntityFramework\HirBot.EntityFramework.csproj", "{1301ABEC-5EF7-4EDC-9FFB-29F9E06F52BF}"
EndProject
Project("{2150E333-8FDC-42A3-9474-1A3956D46DE8}") = "HirBot.User", "HirBot.User", "{44A1FD07-9E08-4C19-B783-1DE05AB754F2}"
EndProject
Project("{9A19103F-16F7-4668-BE54-9A1E7A4F7556}") = "User.Api", "User.Api\User.Api.csproj", "{E68B2949-FF92-42D8-974A-3D8E43593128}"
EndProject
Project("{9A19103F-16F7-4668-BE54-9A1E7A4F7556}") = "User.Services", "User.Services\User.Services.csproj", "{47CC2A6C-A646-41E5-95A4-7160C4D1B588}"
EndProject
Project("{9A19103F-16F7-4668-BE54-9A1E7A4F7556}") = "HirBot.Redies", "HirBot.Redies\HirBot.Redies.csproj", "{D74CB043-96A8-4AB7-B4F9-F7E94566F5C6}"
EndProject
Project("{9A19103F-16F7-4668-BE54-9A1E7A4F7556}") = "Mailing", "Mailing\Mailing.csproj", "{9C7DDEA4-3B8F-4E7B-BA21-855C4B04166D}"
EndProject
Project("{2150E333-8FDC-42A3-9474-1A3956D46DE8}") = "HirBot.Skill", "HirBot.Skill", "{4720463E-0EC9-4AA4-896D-4A64D4D61F05}"
EndProject
Project("{9A19103F-16F7-4668-BE54-9A1E7A4F7556}") = "Skill.services", "skill.services\Skill.services.csproj", "{CFB93B9C-687A-4C22-BC09-1F1D9BFE55F3}"
EndProject
Project("{9A19103F-16F7-4668-BE54-9A1E7A4F7556}") = "Skill.Api", "Skill.Api\Skill.Api.csproj", "{DAE8D795-E105-43FC-B9C3-2690F8447AC0}"
EndProject
Project("{2150E333-8FDC-42A3-9474-1A3956D46DE8}") = "HirBot.Job", "HirBot.Job", "{36912694-5C9E-4265-96C5-180A2B5DA910}"
EndProject
Project("{9A19103F-16F7-4668-BE54-9A1E7A4F7556}") = "Job.Api", "Job.APi\Job.Api.csproj", "{7796CD9D-ED76-4AFA-9129-A008DB98EC5E}"
EndProject
Project("{9A19103F-16F7-4668-BE54-9A1E7A4F7556}") = "Jop.Services", "Jop.Services\Jop.Services.csproj", "{39B07702-104B-416C-BE62-85C01583A933}"
EndProject
Project("{2150E333-8FDC-42A3-9474-1A3956D46DE8}") = "HirBot.Exame", "HirBot.Exame", "{CDE08694-8DE3-4EF6-A778-46A7C9E20093}"
EndProject
Project("{9A19103F-16F7-4668-BE54-9A1E7A4F7556}") = "Exame.Services", "Exame.Services\Exame.Services.csproj", "{331A739E-21B0-4F7B-8AC2-91D93E2B1962}"
EndProject
Project("{9A19103F-16F7-4668-BE54-9A1E7A4F7556}") = "Exame.Api", "Exame.Api\Exame.Api.csproj", "{C9C4D036-B54E-4201-ACD2-F30C6BB82399}"
EndProject
Project("{2150E333-8FDC-42A3-9474-1A3956D46DE8}") = "HirBot.Notification", "HirBot.Notification", "{4325219F-B072-4A91-8B8A-3FBA3CC09785}"
EndProject
Project("{9A19103F-16F7-4668-BE54-9A1E7A4F7556}") = "Notification.Services", "Notification.Services\Notification.Services.csproj", "{77EBCD3E-9D2E-4FBA-A7E8-7083818AA478}"
EndProject
Project("{9A19103F-16F7-4668-BE54-9A1E7A4F7556}") = "Notification.Api", "Notification.Api\Notification.Api.csproj", "{1D10243D-3C6A-45E6-BF98-274D5837AF18}"
EndProject
Project("{9A19103F-16F7-4668-BE54-9A1E7A4F7556}") = "SearchEngineConfigration", "SearchEngineConfigration\SearchEngineConfigration.csproj", "{84CDBD0E-1AF5-4999-A27A-A1A57AAAC5B2}"
EndProject
Project("{2150E333-8FDC-42A3-9474-1A3956D46DE8}") = "HirBot.AutoApply", "HirBot.AutoApply", "{2BB03DDC-54D2-40FF-8019-C6F458E940D0}"
EndProject
Project("{9A19103F-16F7-4668-BE54-9A1E7A4F7556}") = "AutoApply.Services", "AutoApply.Services\AutoApply.Services.csproj", "{0B969C42-563B-4049-AA61-30F05F3A020F}"
EndProject
Project("{9A19103F-16F7-4668-BE54-9A1E7A4F7556}") = "AutoApply.Api", "AutoApply.Api\AutoApply.Api.csproj", "{FCC5EF3C-8E65-40CC-911E-13DA09CDF065}"
EndProject
Project("{9A19103F-16F7-4668-BE54-9A1E7A4F7556}") = "MCQGenerationModel", "MCQGenerationModel\MCQGenerationModel.csproj", "{F7D66B2D-1DC6-4531-B50A-BA9B340C7550}"
EndProject
Global
	GlobalSection(SolutionConfigurationPlatforms) = preSolution
		Debug|Any CPU = Debug|Any CPU
		Release|Any CPU = Release|Any CPU
	EndGlobalSection
	GlobalSection(ProjectConfigurationPlatforms) = postSolution
		{32E9136C-1DA2-4724-8B89-634031DEA148}.Debug|Any CPU.ActiveCfg = Debug|Any CPU
		{32E9136C-1DA2-4724-8B89-634031DEA148}.Debug|Any CPU.Build.0 = Debug|Any CPU
		{32E9136C-1DA2-4724-8B89-634031DEA148}.Release|Any CPU.ActiveCfg = Release|Any CPU
		{32E9136C-1DA2-4724-8B89-634031DEA148}.Release|Any CPU.Build.0 = Release|Any CPU
		{C470193F-EADD-47AE-812B-D2B3626A4E0A}.Debug|Any CPU.ActiveCfg = Debug|Any CPU
		{C470193F-EADD-47AE-812B-D2B3626A4E0A}.Debug|Any CPU.Build.0 = Debug|Any CPU
		{C470193F-EADD-47AE-812B-D2B3626A4E0A}.Release|Any CPU.ActiveCfg = Release|Any CPU
		{C470193F-EADD-47AE-812B-D2B3626A4E0A}.Release|Any CPU.Build.0 = Release|Any CPU
		{CAC67C48-E62F-482C-9CFB-0F9CFE7E47E4}.Debug|Any CPU.ActiveCfg = Debug|Any CPU
		{CAC67C48-E62F-482C-9CFB-0F9CFE7E47E4}.Debug|Any CPU.Build.0 = Debug|Any CPU
		{CAC67C48-E62F-482C-9CFB-0F9CFE7E47E4}.Release|Any CPU.ActiveCfg = Release|Any CPU
		{CAC67C48-E62F-482C-9CFB-0F9CFE7E47E4}.Release|Any CPU.Build.0 = Release|Any CPU
		{F6C326FF-79E7-44A3-B3C2-1078520578A0}.Debug|Any CPU.ActiveCfg = Debug|Any CPU
		{F6C326FF-79E7-44A3-B3C2-1078520578A0}.Debug|Any CPU.Build.0 = Debug|Any CPU
		{F6C326FF-79E7-44A3-B3C2-1078520578A0}.Release|Any CPU.ActiveCfg = Release|Any CPU
		{F6C326FF-79E7-44A3-B3C2-1078520578A0}.Release|Any CPU.Build.0 = Release|Any CPU
		{C36F5DD6-A15F-4FD7-AE5F-E595F5761BEC}.Debug|Any CPU.ActiveCfg = Debug|Any CPU
		{C36F5DD6-A15F-4FD7-AE5F-E595F5761BEC}.Debug|Any CPU.Build.0 = Debug|Any CPU
		{C36F5DD6-A15F-4FD7-AE5F-E595F5761BEC}.Release|Any CPU.ActiveCfg = Release|Any CPU
		{C36F5DD6-A15F-4FD7-AE5F-E595F5761BEC}.Release|Any CPU.Build.0 = Release|Any CPU
		{32160BD9-3884-4E2F-A099-AF18739DD084}.Debug|Any CPU.ActiveCfg = Debug|Any CPU
		{32160BD9-3884-4E2F-A099-AF18739DD084}.Debug|Any CPU.Build.0 = Debug|Any CPU
		{32160BD9-3884-4E2F-A099-AF18739DD084}.Release|Any CPU.ActiveCfg = Release|Any CPU
		{32160BD9-3884-4E2F-A099-AF18739DD084}.Release|Any CPU.Build.0 = Release|Any CPU
		{1301ABEC-5EF7-4EDC-9FFB-29F9E06F52BF}.Debug|Any CPU.ActiveCfg = Debug|Any CPU
		{1301ABEC-5EF7-4EDC-9FFB-29F9E06F52BF}.Debug|Any CPU.Build.0 = Debug|Any CPU
		{1301ABEC-5EF7-4EDC-9FFB-29F9E06F52BF}.Release|Any CPU.ActiveCfg = Release|Any CPU
		{1301ABEC-5EF7-4EDC-9FFB-29F9E06F52BF}.Release|Any CPU.Build.0 = Release|Any CPU
		{E68B2949-FF92-42D8-974A-3D8E43593128}.Debug|Any CPU.ActiveCfg = Debug|Any CPU
		{E68B2949-FF92-42D8-974A-3D8E43593128}.Debug|Any CPU.Build.0 = Debug|Any CPU
		{E68B2949-FF92-42D8-974A-3D8E43593128}.Release|Any CPU.ActiveCfg = Release|Any CPU
		{E68B2949-FF92-42D8-974A-3D8E43593128}.Release|Any CPU.Build.0 = Release|Any CPU
		{47CC2A6C-A646-41E5-95A4-7160C4D1B588}.Debug|Any CPU.ActiveCfg = Debug|Any CPU
		{47CC2A6C-A646-41E5-95A4-7160C4D1B588}.Debug|Any CPU.Build.0 = Debug|Any CPU
		{47CC2A6C-A646-41E5-95A4-7160C4D1B588}.Release|Any CPU.ActiveCfg = Release|Any CPU
		{47CC2A6C-A646-41E5-95A4-7160C4D1B588}.Release|Any CPU.Build.0 = Release|Any CPU
		{D74CB043-96A8-4AB7-B4F9-F7E94566F5C6}.Debug|Any CPU.ActiveCfg = Debug|Any CPU
		{D74CB043-96A8-4AB7-B4F9-F7E94566F5C6}.Debug|Any CPU.Build.0 = Debug|Any CPU
		{D74CB043-96A8-4AB7-B4F9-F7E94566F5C6}.Release|Any CPU.ActiveCfg = Release|Any CPU
		{D74CB043-96A8-4AB7-B4F9-F7E94566F5C6}.Release|Any CPU.Build.0 = Release|Any CPU
		{9C7DDEA4-3B8F-4E7B-BA21-855C4B04166D}.Debug|Any CPU.ActiveCfg = Debug|Any CPU
		{9C7DDEA4-3B8F-4E7B-BA21-855C4B04166D}.Debug|Any CPU.Build.0 = Debug|Any CPU
		{9C7DDEA4-3B8F-4E7B-BA21-855C4B04166D}.Release|Any CPU.ActiveCfg = Release|Any CPU
		{9C7DDEA4-3B8F-4E7B-BA21-855C4B04166D}.Release|Any CPU.Build.0 = Release|Any CPU
		{CFB93B9C-687A-4C22-BC09-1F1D9BFE55F3}.Debug|Any CPU.ActiveCfg = Debug|Any CPU
		{CFB93B9C-687A-4C22-BC09-1F1D9BFE55F3}.Debug|Any CPU.Build.0 = Debug|Any CPU
		{CFB93B9C-687A-4C22-BC09-1F1D9BFE55F3}.Release|Any CPU.ActiveCfg = Release|Any CPU
		{CFB93B9C-687A-4C22-BC09-1F1D9BFE55F3}.Release|Any CPU.Build.0 = Release|Any CPU
		{DAE8D795-E105-43FC-B9C3-2690F8447AC0}.Debug|Any CPU.ActiveCfg = Debug|Any CPU
		{DAE8D795-E105-43FC-B9C3-2690F8447AC0}.Debug|Any CPU.Build.0 = Debug|Any CPU
		{DAE8D795-E105-43FC-B9C3-2690F8447AC0}.Release|Any CPU.ActiveCfg = Release|Any CPU
		{DAE8D795-E105-43FC-B9C3-2690F8447AC0}.Release|Any CPU.Build.0 = Release|Any CPU
		{7796CD9D-ED76-4AFA-9129-A008DB98EC5E}.Debug|Any CPU.ActiveCfg = Debug|Any CPU
		{7796CD9D-ED76-4AFA-9129-A008DB98EC5E}.Debug|Any CPU.Build.0 = Debug|Any CPU
		{7796CD9D-ED76-4AFA-9129-A008DB98EC5E}.Release|Any CPU.ActiveCfg = Release|Any CPU
		{7796CD9D-ED76-4AFA-9129-A008DB98EC5E}.Release|Any CPU.Build.0 = Release|Any CPU
		{39B07702-104B-416C-BE62-85C01583A933}.Debug|Any CPU.ActiveCfg = Debug|Any CPU
		{39B07702-104B-416C-BE62-85C01583A933}.Debug|Any CPU.Build.0 = Debug|Any CPU
		{39B07702-104B-416C-BE62-85C01583A933}.Release|Any CPU.ActiveCfg = Release|Any CPU
		{39B07702-104B-416C-BE62-85C01583A933}.Release|Any CPU.Build.0 = Release|Any CPU
		{331A739E-21B0-4F7B-8AC2-91D93E2B1962}.Debug|Any CPU.ActiveCfg = Debug|Any CPU
		{331A739E-21B0-4F7B-8AC2-91D93E2B1962}.Debug|Any CPU.Build.0 = Debug|Any CPU
		{331A739E-21B0-4F7B-8AC2-91D93E2B1962}.Release|Any CPU.ActiveCfg = Release|Any CPU
		{331A739E-21B0-4F7B-8AC2-91D93E2B1962}.Release|Any CPU.Build.0 = Release|Any CPU
		{C9C4D036-B54E-4201-ACD2-F30C6BB82399}.Debug|Any CPU.ActiveCfg = Debug|Any CPU
		{C9C4D036-B54E-4201-ACD2-F30C6BB82399}.Debug|Any CPU.Build.0 = Debug|Any CPU
		{C9C4D036-B54E-4201-ACD2-F30C6BB82399}.Release|Any CPU.ActiveCfg = Release|Any CPU
		{C9C4D036-B54E-4201-ACD2-F30C6BB82399}.Release|Any CPU.Build.0 = Release|Any CPU
		{77EBCD3E-9D2E-4FBA-A7E8-7083818AA478}.Debug|Any CPU.ActiveCfg = Debug|Any CPU
		{77EBCD3E-9D2E-4FBA-A7E8-7083818AA478}.Debug|Any CPU.Build.0 = Debug|Any CPU
		{77EBCD3E-9D2E-4FBA-A7E8-7083818AA478}.Release|Any CPU.ActiveCfg = Release|Any CPU
		{77EBCD3E-9D2E-4FBA-A7E8-7083818AA478}.Release|Any CPU.Build.0 = Release|Any CPU
		{1D10243D-3C6A-45E6-BF98-274D5837AF18}.Debug|Any CPU.ActiveCfg = Debug|Any CPU
		{1D10243D-3C6A-45E6-BF98-274D5837AF18}.Debug|Any CPU.Build.0 = Debug|Any CPU
		{1D10243D-3C6A-45E6-BF98-274D5837AF18}.Release|Any CPU.ActiveCfg = Release|Any CPU
		{1D10243D-3C6A-45E6-BF98-274D5837AF18}.Release|Any CPU.Build.0 = Release|Any CPU
		{84CDBD0E-1AF5-4999-A27A-A1A57AAAC5B2}.Debug|Any CPU.ActiveCfg = Debug|Any CPU
		{84CDBD0E-1AF5-4999-A27A-A1A57AAAC5B2}.Debug|Any CPU.Build.0 = Debug|Any CPU
		{84CDBD0E-1AF5-4999-A27A-A1A57AAAC5B2}.Release|Any CPU.ActiveCfg = Release|Any CPU
		{84CDBD0E-1AF5-4999-A27A-A1A57AAAC5B2}.Release|Any CPU.Build.0 = Release|Any CPU
		{0B969C42-563B-4049-AA61-30F05F3A020F}.Debug|Any CPU.ActiveCfg = Debug|Any CPU
		{0B969C42-563B-4049-AA61-30F05F3A020F}.Debug|Any CPU.Build.0 = Debug|Any CPU
		{0B969C42-563B-4049-AA61-30F05F3A020F}.Release|Any CPU.ActiveCfg = Release|Any CPU
		{0B969C42-563B-4049-AA61-30F05F3A020F}.Release|Any CPU.Build.0 = Release|Any CPU
		{FCC5EF3C-8E65-40CC-911E-13DA09CDF065}.Debug|Any CPU.ActiveCfg = Debug|Any CPU
		{FCC5EF3C-8E65-40CC-911E-13DA09CDF065}.Debug|Any CPU.Build.0 = Debug|Any CPU
		{FCC5EF3C-8E65-40CC-911E-13DA09CDF065}.Release|Any CPU.ActiveCfg = Release|Any CPU
		{FCC5EF3C-8E65-40CC-911E-13DA09CDF065}.Release|Any CPU.Build.0 = Release|Any CPU
		{F7D66B2D-1DC6-4531-B50A-BA9B340C7550}.Debug|Any CPU.ActiveCfg = Debug|Any CPU
		{F7D66B2D-1DC6-4531-B50A-BA9B340C7550}.Debug|Any CPU.Build.0 = Debug|Any CPU
		{F7D66B2D-1DC6-4531-B50A-BA9B340C7550}.Release|Any CPU.ActiveCfg = Release|Any CPU
		{F7D66B2D-1DC6-4531-B50A-BA9B340C7550}.Release|Any CPU.Build.0 = Release|Any CPU
	EndGlobalSection
	GlobalSection(SolutionProperties) = preSolution
		HideSolutionNode = FALSE
	EndGlobalSection
	GlobalSection(NestedProjects) = preSolution
		{C470193F-EADD-47AE-812B-D2B3626A4E0A} = {9CFD1BD4-50ED-47FC-A99A-E697019AD2CF}
		{9B0599F3-F2B9-49A7-BD88-CF01FCC5B523} = {45F58424-F858-429F-8B62-28F5A5E5DE6D}
		{CAC67C48-E62F-482C-9CFB-0F9CFE7E47E4} = {9B0599F3-F2B9-49A7-BD88-CF01FCC5B523}
		{F6C326FF-79E7-44A3-B3C2-1078520578A0} = {672ADC91-A4BE-49F0-9030-430D150787EB}
		{C36F5DD6-A15F-4FD7-AE5F-E595F5761BEC} = {0B9ECA70-4DE2-4BBD-8D4A-B279A689AC65}
		{32160BD9-3884-4E2F-A099-AF18739DD084} = {0B9ECA70-4DE2-4BBD-8D4A-B279A689AC65}
		{1301ABEC-5EF7-4EDC-9FFB-29F9E06F52BF} = {672ADC91-A4BE-49F0-9030-430D150787EB}
		{44A1FD07-9E08-4C19-B783-1DE05AB754F2} = {45F58424-F858-429F-8B62-28F5A5E5DE6D}
		{E68B2949-FF92-42D8-974A-3D8E43593128} = {44A1FD07-9E08-4C19-B783-1DE05AB754F2}
		{47CC2A6C-A646-41E5-95A4-7160C4D1B588} = {44A1FD07-9E08-4C19-B783-1DE05AB754F2}
		{D74CB043-96A8-4AB7-B4F9-F7E94566F5C6} = {672ADC91-A4BE-49F0-9030-430D150787EB}
		{9C7DDEA4-3B8F-4E7B-BA21-855C4B04166D} = {672ADC91-A4BE-49F0-9030-430D150787EB}
		{4720463E-0EC9-4AA4-896D-4A64D4D61F05} = {45F58424-F858-429F-8B62-28F5A5E5DE6D}
		{CFB93B9C-687A-4C22-BC09-1F1D9BFE55F3} = {4720463E-0EC9-4AA4-896D-4A64D4D61F05}
		{DAE8D795-E105-43FC-B9C3-2690F8447AC0} = {4720463E-0EC9-4AA4-896D-4A64D4D61F05}
		{36912694-5C9E-4265-96C5-180A2B5DA910} = {45F58424-F858-429F-8B62-28F5A5E5DE6D}
		{7796CD9D-ED76-4AFA-9129-A008DB98EC5E} = {36912694-5C9E-4265-96C5-180A2B5DA910}
		{39B07702-104B-416C-BE62-85C01583A933} = {36912694-5C9E-4265-96C5-180A2B5DA910}
		{CDE08694-8DE3-4EF6-A778-46A7C9E20093} = {45F58424-F858-429F-8B62-28F5A5E5DE6D}
		{331A739E-21B0-4F7B-8AC2-91D93E2B1962} = {CDE08694-8DE3-4EF6-A778-46A7C9E20093}
		{C9C4D036-B54E-4201-ACD2-F30C6BB82399} = {CDE08694-8DE3-4EF6-A778-46A7C9E20093}
		{4325219F-B072-4A91-8B8A-3FBA3CC09785} = {45F58424-F858-429F-8B62-28F5A5E5DE6D}
		{77EBCD3E-9D2E-4FBA-A7E8-7083818AA478} = {4325219F-B072-4A91-8B8A-3FBA3CC09785}
		{1D10243D-3C6A-45E6-BF98-274D5837AF18} = {4325219F-B072-4A91-8B8A-3FBA3CC09785}
		{84CDBD0E-1AF5-4999-A27A-A1A57AAAC5B2} = {672ADC91-A4BE-49F0-9030-430D150787EB}
		{2BB03DDC-54D2-40FF-8019-C6F458E940D0} = {45F58424-F858-429F-8B62-28F5A5E5DE6D}
		{0B969C42-563B-4049-AA61-30F05F3A020F} = {2BB03DDC-54D2-40FF-8019-C6F458E940D0}
		{FCC5EF3C-8E65-40CC-911E-13DA09CDF065} = {2BB03DDC-54D2-40FF-8019-C6F458E940D0}
		{F7D66B2D-1DC6-4531-B50A-BA9B340C7550} = {672ADC91-A4BE-49F0-9030-430D150787EB}
	EndGlobalSection
	GlobalSection(ExtensibilityGlobals) = postSolution
		SolutionGuid = {1EBBDB97-0427-45B0-9B28-E23E2F77A5FA}
	EndGlobalSection
EndGlobal
